
Microsoft Visual Studio Solution File, Format Version 12.00
# Visual Studio Version 17
VisualStudioVersion = 17.14.36414.22 d17.14
MinimumVisualStudioVersion = 10.0.40219.1
Project("{FAE04EC0-301F-11D3-BF4B-00C04F79EFBC}") = "ToDoFunction", "ToDoFunction.csproj", "{3DE16F4F-7E7E-41ED-AE9F-3995CAF5AB0F}"
EndProject
Global
	GlobalSection(SolutionConfigurationPlatforms) = preSolution
		Debug|Any CPU = Debug|Any CPU
		Release|Any CPU = Release|Any CPU
	EndGlobalSection
	GlobalSection(ProjectConfigurationPlatforms) = postSolution
		{3DE16F4F-7E7E-41ED-AE9F-3995CAF5AB0F}.Debug|Any CPU.ActiveCfg = Debug|Any CPU
		{3DE16F4F-7E7E-41ED-AE9F-3995CAF5AB0F}.Debug|Any CPU.Build.0 = Debug|Any CPU
		{3DE16F4F-7E7E-41ED-AE9F-3995CAF5AB0F}.Release|Any CPU.ActiveCfg = Release|Any CPU
		{3DE16F4F-7E7E-41ED-AE9F-3995CAF5AB0F}.Release|Any CPU.Build.0 = Release|Any CPU
	EndGlobalSection
	GlobalSection(SolutionProperties) = preSolution
		HideSolutionNode = FALSE
	EndGlobalSection
	GlobalSection(ExtensibilityGlobals) = postSolution
		SolutionGuid = {98A91911-E90A-4F2B-A09D-80974F1E05B7}
	EndGlobalSection
EndGlobal
